
Microsoft Visual Studio Solution File, Format Version 12.00
# Visual Studio Version 16
VisualStudioVersion = 16.0.30011.22
MinimumVisualStudioVersion = 10.0.40219.1
Project("{FAE04EC0-301F-11D3-BF4B-00C04F79EFBC}") = "ServiceStatusNotifier", "ServiceStatusNotifier\ServiceStatusNotifier.csproj", "{7EAEE4F3-144F-4C94-99F6-C5FA8486EE2B}"
EndProject
Global
	GlobalSection(SolutionConfigurationPlatforms) = preSolution
		Debug|Any CPU = Debug|Any CPU
		Release|Any CPU = Release|Any CPU
	EndGlobalSection
	GlobalSection(ProjectConfigurationPlatforms) = postSolution
		{7EAEE4F3-144F-4C94-99F6-C5FA8486EE2B}.Debug|Any CPU.ActiveCfg = Debug|Any CPU
		{7EAEE4F3-144F-4C94-99F6-C5FA8486EE2B}.Debug|Any CPU.Build.0 = Debug|Any CPU
		{7EAEE4F3-144F-4C94-99F6-C5FA8486EE2B}.Release|Any CPU.ActiveCfg = Release|Any CPU
		{7EAEE4F3-144F-4C94-99F6-C5FA8486EE2B}.Release|Any CPU.Build.0 = Release|Any CPU
	EndGlobalSection
	GlobalSection(SolutionProperties) = preSolution
		HideSolutionNode = FALSE
	EndGlobalSection
	GlobalSection(ExtensibilityGlobals) = postSolution
		SolutionGuid = {27E64F90-BC85-4AF3-A399-0033D6E60374}
	EndGlobalSection
EndGlobal
